
Microsoft Visual Studio Solution File, Format Version 12.00
# Visual Studio Version 17
VisualStudioVersion = 17.8.34330.188
MinimumVisualStudioVersion = 10.0.40219.1
Project("{FAE04EC0-301F-11D3-BF4B-00C04F79EFBC}") = "CadastroPessoa", "CadastroPessoa\CadastroPessoa.csproj", "{4C5A119A-A953-4D6C-8374-7151E746F707}"
EndProject
Global
	GlobalSection(SolutionConfigurationPlatforms) = preSolution
		Debug|Any CPU = Debug|Any CPU
		Release|Any CPU = Release|Any CPU
	EndGlobalSection
	GlobalSection(ProjectConfigurationPlatforms) = postSolution
		{4C5A119A-A953-4D6C-8374-7151E746F707}.Debug|Any CPU.ActiveCfg = Debug|Any CPU
		{4C5A119A-A953-4D6C-8374-7151E746F707}.Debug|Any CPU.Build.0 = Debug|Any CPU
		{4C5A119A-A953-4D6C-8374-7151E746F707}.Release|Any CPU.ActiveCfg = Release|Any CPU
		{4C5A119A-A953-4D6C-8374-7151E746F707}.Release|Any CPU.Build.0 = Release|Any CPU
	EndGlobalSection
	GlobalSection(SolutionProperties) = preSolution
		HideSolutionNode = FALSE
	EndGlobalSection
	GlobalSection(ExtensibilityGlobals) = postSolution
		SolutionGuid = {41BF21F7-D85A-4FBD-A767-1371AF0BA93F}
	EndGlobalSection
EndGlobal
